
Microsoft Visual Studio Solution File, Format Version 12.00
# Visual Studio Version 16
VisualStudioVersion = 16.0.28803.202
MinimumVisualStudioVersion = 10.0.40219.1
Project("{9A19103F-16F7-4668-BE54-9A1E7A4F7556}") = "BonitaSoftApiCommunication", "BonitaSoftApiCommunication\BonitaSoftApiCommunication.csproj", "{0050B928-780B-487C-AC19-C34A77345F90}"
EndProject
Project("{FAE04EC0-301F-11D3-BF4B-00C04F79EFBC}") = "BonitaSoftApiBusiness", "BonitaSoftApiBusiness\BonitaSoftApiBusiness.csproj", "{D04EEAB7-8F17-4948-9745-EBBDF7A92637}"
EndProject
Project("{FAE04EC0-301F-11D3-BF4B-00C04F79EFBC}") = "BonitaSoftApiEntties", "BonitaSoftApiEntties\BonitaSoftApiEntties.csproj", "{E1A26B5F-AFF1-46AB-954F-4D42FD499143}"
EndProject
Global
	GlobalSection(SolutionConfigurationPlatforms) = preSolution
		Debug|Any CPU = Debug|Any CPU
		Release|Any CPU = Release|Any CPU
	EndGlobalSection
	GlobalSection(ProjectConfigurationPlatforms) = postSolution
		{0050B928-780B-487C-AC19-C34A77345F90}.Debug|Any CPU.ActiveCfg = Debug|Any CPU
		{0050B928-780B-487C-AC19-C34A77345F90}.Debug|Any CPU.Build.0 = Debug|Any CPU
		{0050B928-780B-487C-AC19-C34A77345F90}.Release|Any CPU.ActiveCfg = Release|Any CPU
		{0050B928-780B-487C-AC19-C34A77345F90}.Release|Any CPU.Build.0 = Release|Any CPU
		{D04EEAB7-8F17-4948-9745-EBBDF7A92637}.Debug|Any CPU.ActiveCfg = Debug|Any CPU
		{D04EEAB7-8F17-4948-9745-EBBDF7A92637}.Debug|Any CPU.Build.0 = Debug|Any CPU
		{D04EEAB7-8F17-4948-9745-EBBDF7A92637}.Release|Any CPU.ActiveCfg = Release|Any CPU
		{D04EEAB7-8F17-4948-9745-EBBDF7A92637}.Release|Any CPU.Build.0 = Release|Any CPU
		{E1A26B5F-AFF1-46AB-954F-4D42FD499143}.Debug|Any CPU.ActiveCfg = Debug|Any CPU
		{E1A26B5F-AFF1-46AB-954F-4D42FD499143}.Debug|Any CPU.Build.0 = Debug|Any CPU
		{E1A26B5F-AFF1-46AB-954F-4D42FD499143}.Release|Any CPU.ActiveCfg = Release|Any CPU
		{E1A26B5F-AFF1-46AB-954F-4D42FD499143}.Release|Any CPU.Build.0 = Release|Any CPU
	EndGlobalSection
	GlobalSection(SolutionProperties) = preSolution
		HideSolutionNode = FALSE
	EndGlobalSection
	GlobalSection(ExtensibilityGlobals) = postSolution
		SolutionGuid = {34A56B0F-87A7-4088-9A2D-3C66F0B0619A}
	EndGlobalSection
EndGlobal
